
Microsoft Visual Studio Solution File, Format Version 12.00
# Visual Studio 15
VisualStudioVersion = 15.0.26730.16
MinimumVisualStudioVersion = 10.0.40219.1
Project("{FAE04EC0-301F-11D3-BF4B-00C04F79EFBC}") = "WebSocketServer", "WebSocketServer\WebSocketServer.csproj", "{3062002B-1D6A-44A4-976A-877FAA48C26B}"
EndProject
Project("{FAE04EC0-301F-11D3-BF4B-00C04F79EFBC}") = "WebSocketClientDesktop", "WebSocketClient\WebSocketClientDesktop.csproj", "{2A143282-7824-4BDC-94BA-7BB62C9D46EF}"
EndProject
Project("{FAE04EC0-301F-11D3-BF4B-00C04F79EFBC}") = "WebSocketClientConsole", "WebSocketClientConsole\WebSocketClientConsole.csproj", "{15920438-CAB9-4DA4-89D0-DA2870ED1103}"
EndProject
Project("{FAE04EC0-301F-11D3-BF4B-00C04F79EFBC}") = "HTTPServer", "HTTPServer\HTTPServer.csproj", "{D0FB1740-0198-440B-BB12-C91DCC46D3A9}"
EndProject
Project("{E24C65DC-7377-472B-9ABA-BC803B73C61A}") = "WebSocketClientWeb", "WebSocketClientWeb\", "{6455B641-F629-4FDD-A51F-8E8F7A757DE9}"
	ProjectSection(WebsiteProperties) = preProject
		TargetFrameworkMoniker = ".NETFramework,Version%3Dv4.0"
		Debug.AspNetCompiler.VirtualPath = "/localhost_50317"
		Debug.AspNetCompiler.PhysicalPath = "WebSocketClientWeb\"
		Debug.AspNetCompiler.TargetPath = "PrecompiledWeb\localhost_50317\"
		Debug.AspNetCompiler.Updateable = "true"
		Debug.AspNetCompiler.ForceOverwrite = "true"
		Debug.AspNetCompiler.FixedNames = "false"
		Debug.AspNetCompiler.Debug = "True"
		Release.AspNetCompiler.VirtualPath = "/localhost_50317"
		Release.AspNetCompiler.PhysicalPath = "WebSocketClientWeb\"
		Release.AspNetCompiler.TargetPath = "PrecompiledWeb\localhost_50317\"
		Release.AspNetCompiler.Updateable = "true"
		Release.AspNetCompiler.ForceOverwrite = "true"
		Release.AspNetCompiler.FixedNames = "false"
		Release.AspNetCompiler.Debug = "False"
		VWDPort = "50317"
		SlnRelativePath = "WebSocketClientWeb\"
	EndProjectSection
EndProject
Project("{FAE04EC0-301F-11D3-BF4B-00C04F79EFBC}") = "TCPClientConsoleMulti", "TCPClientConsoleMulti\TCPClientConsoleMulti.csproj", "{2B32FFB8-3384-440A-9916-60A178B5FF16}"
EndProject
Project("{FAE04EC0-301F-11D3-BF4B-00C04F79EFBC}") = "TCPClientConsoleOne", "TCPClientConsoleOne\TCPClientConsoleOne.csproj", "{27046836-2418-49D9-86BD-20E115B884B5}"
EndProject
Project("{FAE04EC0-301F-11D3-BF4B-00C04F79EFBC}") = "TCPClientDesktop", "TCPClientDesktop\TCPClientDesktop.csproj", "{6A238051-36A0-4C2A-AFA9-B5DDE8E17A15}"
EndProject
Project("{FAE04EC0-301F-11D3-BF4B-00C04F79EFBC}") = "TCPServerMulti", "TCPServerMulti\TCPServerMulti.csproj", "{2745A7ED-CAE5-445B-9171-66728EE75829}"
EndProject
Project("{FAE04EC0-301F-11D3-BF4B-00C04F79EFBC}") = "TCPServerOne", "TCPServerOne\TCPServerOne.csproj", "{E7B3FA2F-A2C7-471A-B0DF-E25771BEF504}"
EndProject
Project("{FAE04EC0-301F-11D3-BF4B-00C04F79EFBC}") = "UnitTestProjectChats", "UnitTestProjectChats\UnitTestProjectChats.csproj", "{D5BAEAD4-6414-45C6-B2A1-A024D2E0C7D9}"
EndProject
Project("{FAE04EC0-301F-11D3-BF4B-00C04F79EFBC}") = "HTTPClientDesktop", "HTTPClientDesktop\HTTPClientDesktop.csproj", "{B85F85ED-5F66-498A-8C2B-B4FEB301363B}"
EndProject
Project("{FAE04EC0-301F-11D3-BF4B-00C04F79EFBC}") = "HTTPClientConsole", "HTTPClientConsole\HTTPClientConsole.csproj", "{79A92F86-ED34-4152-BF77-D9DB62A62E64}"
EndProject
Project("{E24C65DC-7377-472B-9ABA-BC803B73C61A}") = "HTTPClientWeb", "HTTPClientWeb\", "{6CD0C98A-9D90-471A-8D81-4568988346B1}"
	ProjectSection(WebsiteProperties) = preProject
		TargetFrameworkMoniker = ".NETFramework,Version%3Dv4.0"
		Debug.AspNetCompiler.VirtualPath = "/localhost_51710"
		Debug.AspNetCompiler.PhysicalPath = "HTTPClientWeb\"
		Debug.AspNetCompiler.TargetPath = "PrecompiledWeb\localhost_51710\"
		Debug.AspNetCompiler.Updateable = "true"
		Debug.AspNetCompiler.ForceOverwrite = "true"
		Debug.AspNetCompiler.FixedNames = "false"
		Debug.AspNetCompiler.Debug = "True"
		Release.AspNetCompiler.VirtualPath = "/localhost_51710"
		Release.AspNetCompiler.PhysicalPath = "HTTPClientWeb\"
		Release.AspNetCompiler.TargetPath = "PrecompiledWeb\localhost_51710\"
		Release.AspNetCompiler.Updateable = "true"
		Release.AspNetCompiler.ForceOverwrite = "true"
		Release.AspNetCompiler.FixedNames = "false"
		Release.AspNetCompiler.Debug = "False"
		VWDPort = "51710"
		SlnRelativePath = "HTTPClientWeb\"
	EndProjectSection
EndProject
Project("{FAE04EC0-301F-11D3-BF4B-00C04F79EFBC}") = "TCPClientMobile.Android", "TCPClientMobile\TCPClientMobile.Android\TCPClientMobile.Android.csproj", "{93439370-EE81-466D-9035-363AF9338AD4}"
EndProject
Project("{FAE04EC0-301F-11D3-BF4B-00C04F79EFBC}") = "TCPClientMobile.iOS", "TCPClientMobile\TCPClientMobile.iOS\TCPClientMobile.iOS.csproj", "{08F26D24-A094-4642-A12E-9DAD97545E05}"
EndProject
Project("{FAE04EC0-301F-11D3-BF4B-00C04F79EFBC}") = "TCPClientMobile", "TCPClientMobile\TCPClientMobile\TCPClientMobile.csproj", "{CADF2E41-E0E3-4039-80B6-6CDA77BD0BCF}"
EndProject
Project("{FAE04EC0-301F-11D3-BF4B-00C04F79EFBC}") = "HTTPClientMobile.Android", "HTTPClientMobile\HTTPClientMobile.Android\HTTPClientMobile.Android.csproj", "{62F947E8-4AED-4465-8218-846394341827}"
EndProject
Project("{FAE04EC0-301F-11D3-BF4B-00C04F79EFBC}") = "HTTPClientMobile.iOS", "HTTPClientMobile\HTTPClientMobile.iOS\HTTPClientMobile.iOS.csproj", "{4C0CD56D-3F26-449C-97A3-396EBA3C8774}"
EndProject
Project("{FAE04EC0-301F-11D3-BF4B-00C04F79EFBC}") = "HTTPClientMobile", "HTTPClientMobile\HTTPClientMobile\HTTPClientMobile.csproj", "{72027A1D-6E1E-4C2B-B578-F989370B7A77}"
EndProject
Project("{FAE04EC0-301F-11D3-BF4B-00C04F79EFBC}") = "WebServletClientMobile.Android", "WebServletClientMobile\WebServletClientMobile.Android\WebServletClientMobile.Android.csproj", "{14A2EC76-D1B6-4399-A60E-AB4D9E1C7A17}"
EndProject
Project("{FAE04EC0-301F-11D3-BF4B-00C04F79EFBC}") = "WebServletClientMobile.iOS", "WebServletClientMobile\WebServletClientMobile.iOS\WebServletClientMobile.iOS.csproj", "{7EDCA1D6-4015-4620-AABD-214390291D18}"
EndProject
Project("{FAE04EC0-301F-11D3-BF4B-00C04F79EFBC}") = "WebServletClientMobile", "WebServletClientMobile\WebServletClientMobile\WebServletClientMobile.csproj", "{B8ADE16C-B369-4DC9-9D4D-B35C712DF750}"
EndProject
Global
	GlobalSection(SolutionConfigurationPlatforms) = preSolution
		Debug|Any CPU = Debug|Any CPU
		Debug|iPhone = Debug|iPhone
		Debug|iPhoneSimulator = Debug|iPhoneSimulator
		Release|Any CPU = Release|Any CPU
		Release|iPhone = Release|iPhone
		Release|iPhoneSimulator = Release|iPhoneSimulator
	EndGlobalSection
	GlobalSection(ProjectConfigurationPlatforms) = postSolution
		{3062002B-1D6A-44A4-976A-877FAA48C26B}.Debug|Any CPU.ActiveCfg = Debug|Any CPU
		{3062002B-1D6A-44A4-976A-877FAA48C26B}.Debug|Any CPU.Build.0 = Debug|Any CPU
		{3062002B-1D6A-44A4-976A-877FAA48C26B}.Debug|iPhone.ActiveCfg = Debug|Any CPU
		{3062002B-1D6A-44A4-976A-877FAA48C26B}.Debug|iPhone.Build.0 = Debug|Any CPU
		{3062002B-1D6A-44A4-976A-877FAA48C26B}.Debug|iPhoneSimulator.ActiveCfg = Debug|Any CPU
		{3062002B-1D6A-44A4-976A-877FAA48C26B}.Debug|iPhoneSimulator.Build.0 = Debug|Any CPU
		{3062002B-1D6A-44A4-976A-877FAA48C26B}.Release|Any CPU.ActiveCfg = Release|Any CPU
		{3062002B-1D6A-44A4-976A-877FAA48C26B}.Release|Any CPU.Build.0 = Release|Any CPU
		{3062002B-1D6A-44A4-976A-877FAA48C26B}.Release|iPhone.ActiveCfg = Release|Any CPU
		{3062002B-1D6A-44A4-976A-877FAA48C26B}.Release|iPhone.Build.0 = Release|Any CPU
		{3062002B-1D6A-44A4-976A-877FAA48C26B}.Release|iPhoneSimulator.ActiveCfg = Release|Any CPU
		{3062002B-1D6A-44A4-976A-877FAA48C26B}.Release|iPhoneSimulator.Build.0 = Release|Any CPU
		{2A143282-7824-4BDC-94BA-7BB62C9D46EF}.Debug|Any CPU.ActiveCfg = Debug|Any CPU
		{2A143282-7824-4BDC-94BA-7BB62C9D46EF}.Debug|Any CPU.Build.0 = Debug|Any CPU
		{2A143282-7824-4BDC-94BA-7BB62C9D46EF}.Debug|iPhone.ActiveCfg = Debug|Any CPU
		{2A143282-7824-4BDC-94BA-7BB62C9D46EF}.Debug|iPhone.Build.0 = Debug|Any CPU
		{2A143282-7824-4BDC-94BA-7BB62C9D46EF}.Debug|iPhoneSimulator.ActiveCfg = Debug|Any CPU
		{2A143282-7824-4BDC-94BA-7BB62C9D46EF}.Debug|iPhoneSimulator.Build.0 = Debug|Any CPU
		{2A143282-7824-4BDC-94BA-7BB62C9D46EF}.Release|Any CPU.ActiveCfg = Release|Any CPU
		{2A143282-7824-4BDC-94BA-7BB62C9D46EF}.Release|Any CPU.Build.0 = Release|Any CPU
		{2A143282-7824-4BDC-94BA-7BB62C9D46EF}.Release|iPhone.ActiveCfg = Release|Any CPU
		{2A143282-7824-4BDC-94BA-7BB62C9D46EF}.Release|iPhone.Build.0 = Release|Any CPU
		{2A143282-7824-4BDC-94BA-7BB62C9D46EF}.Release|iPhoneSimulator.ActiveCfg = Release|Any CPU
		{2A143282-7824-4BDC-94BA-7BB62C9D46EF}.Release|iPhoneSimulator.Build.0 = Release|Any CPU
		{15920438-CAB9-4DA4-89D0-DA2870ED1103}.Debug|Any CPU.ActiveCfg = Debug|Any CPU
		{15920438-CAB9-4DA4-89D0-DA2870ED1103}.Debug|Any CPU.Build.0 = Debug|Any CPU
		{15920438-CAB9-4DA4-89D0-DA2870ED1103}.Debug|iPhone.ActiveCfg = Debug|Any CPU
		{15920438-CAB9-4DA4-89D0-DA2870ED1103}.Debug|iPhone.Build.0 = Debug|Any CPU
		{15920438-CAB9-4DA4-89D0-DA2870ED1103}.Debug|iPhoneSimulator.ActiveCfg = Debug|Any CPU
		{15920438-CAB9-4DA4-89D0-DA2870ED1103}.Debug|iPhoneSimulator.Build.0 = Debug|Any CPU
		{15920438-CAB9-4DA4-89D0-DA2870ED1103}.Release|Any CPU.ActiveCfg = Release|Any CPU
		{15920438-CAB9-4DA4-89D0-DA2870ED1103}.Release|Any CPU.Build.0 = Release|Any CPU
		{15920438-CAB9-4DA4-89D0-DA2870ED1103}.Release|iPhone.ActiveCfg = Release|Any CPU
		{15920438-CAB9-4DA4-89D0-DA2870ED1103}.Release|iPhone.Build.0 = Release|Any CPU
		{15920438-CAB9-4DA4-89D0-DA2870ED1103}.Release|iPhoneSimulator.ActiveCfg = Release|Any CPU
		{15920438-CAB9-4DA4-89D0-DA2870ED1103}.Release|iPhoneSimulator.Build.0 = Release|Any CPU
		{D0FB1740-0198-440B-BB12-C91DCC46D3A9}.Debug|Any CPU.ActiveCfg = Debug|Any CPU
		{D0FB1740-0198-440B-BB12-C91DCC46D3A9}.Debug|Any CPU.Build.0 = Debug|Any CPU
		{D0FB1740-0198-440B-BB12-C91DCC46D3A9}.Debug|iPhone.ActiveCfg = Debug|Any CPU
		{D0FB1740-0198-440B-BB12-C91DCC46D3A9}.Debug|iPhone.Build.0 = Debug|Any CPU
		{D0FB1740-0198-440B-BB12-C91DCC46D3A9}.Debug|iPhoneSimulator.ActiveCfg = Debug|Any CPU
		{D0FB1740-0198-440B-BB12-C91DCC46D3A9}.Debug|iPhoneSimulator.Build.0 = Debug|Any CPU
		{D0FB1740-0198-440B-BB12-C91DCC46D3A9}.Release|Any CPU.ActiveCfg = Release|Any CPU
		{D0FB1740-0198-440B-BB12-C91DCC46D3A9}.Release|Any CPU.Build.0 = Release|Any CPU
		{D0FB1740-0198-440B-BB12-C91DCC46D3A9}.Release|iPhone.ActiveCfg = Release|Any CPU
		{D0FB1740-0198-440B-BB12-C91DCC46D3A9}.Release|iPhone.Build.0 = Release|Any CPU
		{D0FB1740-0198-440B-BB12-C91DCC46D3A9}.Release|iPhoneSimulator.ActiveCfg = Release|Any CPU
		{D0FB1740-0198-440B-BB12-C91DCC46D3A9}.Release|iPhoneSimulator.Build.0 = Release|Any CPU
		{6455B641-F629-4FDD-A51F-8E8F7A757DE9}.Debug|Any CPU.ActiveCfg = Debug|Any CPU
		{6455B641-F629-4FDD-A51F-8E8F7A757DE9}.Debug|Any CPU.Build.0 = Debug|Any CPU
		{6455B641-F629-4FDD-A51F-8E8F7A757DE9}.Debug|iPhone.ActiveCfg = Debug|Any CPU
		{6455B641-F629-4FDD-A51F-8E8F7A757DE9}.Debug|iPhone.Build.0 = Debug|Any CPU
		{6455B641-F629-4FDD-A51F-8E8F7A757DE9}.Debug|iPhoneSimulator.ActiveCfg = Debug|Any CPU
		{6455B641-F629-4FDD-A51F-8E8F7A757DE9}.Debug|iPhoneSimulator.Build.0 = Debug|Any CPU
		{6455B641-F629-4FDD-A51F-8E8F7A757DE9}.Release|Any CPU.ActiveCfg = Debug|Any CPU
		{6455B641-F629-4FDD-A51F-8E8F7A757DE9}.Release|Any CPU.Build.0 = Debug|Any CPU
		{6455B641-F629-4FDD-A51F-8E8F7A757DE9}.Release|iPhone.ActiveCfg = Debug|Any CPU
		{6455B641-F629-4FDD-A51F-8E8F7A757DE9}.Release|iPhone.Build.0 = Debug|Any CPU
		{6455B641-F629-4FDD-A51F-8E8F7A757DE9}.Release|iPhoneSimulator.ActiveCfg = Debug|Any CPU
		{6455B641-F629-4FDD-A51F-8E8F7A757DE9}.Release|iPhoneSimulator.Build.0 = Debug|Any CPU
		{2B32FFB8-3384-440A-9916-60A178B5FF16}.Debug|Any CPU.ActiveCfg = Debug|Any CPU
		{2B32FFB8-3384-440A-9916-60A178B5FF16}.Debug|Any CPU.Build.0 = Debug|Any CPU
		{2B32FFB8-3384-440A-9916-60A178B5FF16}.Debug|iPhone.ActiveCfg = Debug|Any CPU
		{2B32FFB8-3384-440A-9916-60A178B5FF16}.Debug|iPhone.Build.0 = Debug|Any CPU
		{2B32FFB8-3384-440A-9916-60A178B5FF16}.Debug|iPhoneSimulator.ActiveCfg = Debug|Any CPU
		{2B32FFB8-3384-440A-9916-60A178B5FF16}.Debug|iPhoneSimulator.Build.0 = Debug|Any CPU
		{2B32FFB8-3384-440A-9916-60A178B5FF16}.Release|Any CPU.ActiveCfg = Release|Any CPU
		{2B32FFB8-3384-440A-9916-60A178B5FF16}.Release|Any CPU.Build.0 = Release|Any CPU
		{2B32FFB8-3384-440A-9916-60A178B5FF16}.Release|iPhone.ActiveCfg = Release|Any CPU
		{2B32FFB8-3384-440A-9916-60A178B5FF16}.Release|iPhone.Build.0 = Release|Any CPU
		{2B32FFB8-3384-440A-9916-60A178B5FF16}.Release|iPhoneSimulator.ActiveCfg = Release|Any CPU
		{2B32FFB8-3384-440A-9916-60A178B5FF16}.Release|iPhoneSimulator.Build.0 = Release|Any CPU
		{27046836-2418-49D9-86BD-20E115B884B5}.Debug|Any CPU.ActiveCfg = Debug|Any CPU
		{27046836-2418-49D9-86BD-20E115B884B5}.Debug|Any CPU.Build.0 = Debug|Any CPU
		{27046836-2418-49D9-86BD-20E115B884B5}.Debug|iPhone.ActiveCfg = Debug|Any CPU
		{27046836-2418-49D9-86BD-20E115B884B5}.Debug|iPhone.Build.0 = Debug|Any CPU
		{27046836-2418-49D9-86BD-20E115B884B5}.Debug|iPhoneSimulator.ActiveCfg = Debug|Any CPU
		{27046836-2418-49D9-86BD-20E115B884B5}.Debug|iPhoneSimulator.Build.0 = Debug|Any CPU
		{27046836-2418-49D9-86BD-20E115B884B5}.Release|Any CPU.ActiveCfg = Release|Any CPU
		{27046836-2418-49D9-86BD-20E115B884B5}.Release|Any CPU.Build.0 = Release|Any CPU
		{27046836-2418-49D9-86BD-20E115B884B5}.Release|iPhone.ActiveCfg = Release|Any CPU
		{27046836-2418-49D9-86BD-20E115B884B5}.Release|iPhone.Build.0 = Release|Any CPU
		{27046836-2418-49D9-86BD-20E115B884B5}.Release|iPhoneSimulator.ActiveCfg = Release|Any CPU
		{27046836-2418-49D9-86BD-20E115B884B5}.Release|iPhoneSimulator.Build.0 = Release|Any CPU
		{6A238051-36A0-4C2A-AFA9-B5DDE8E17A15}.Debug|Any CPU.ActiveCfg = Debug|Any CPU
		{6A238051-36A0-4C2A-AFA9-B5DDE8E17A15}.Debug|Any CPU.Build.0 = Debug|Any CPU
		{6A238051-36A0-4C2A-AFA9-B5DDE8E17A15}.Debug|iPhone.ActiveCfg = Debug|Any CPU
		{6A238051-36A0-4C2A-AFA9-B5DDE8E17A15}.Debug|iPhone.Build.0 = Debug|Any CPU
		{6A238051-36A0-4C2A-AFA9-B5DDE8E17A15}.Debug|iPhoneSimulator.ActiveCfg = Debug|Any CPU
		{6A238051-36A0-4C2A-AFA9-B5DDE8E17A15}.Debug|iPhoneSimulator.Build.0 = Debug|Any CPU
		{6A238051-36A0-4C2A-AFA9-B5DDE8E17A15}.Release|Any CPU.ActiveCfg = Release|Any CPU
		{6A238051-36A0-4C2A-AFA9-B5DDE8E17A15}.Release|Any CPU.Build.0 = Release|Any CPU
		{6A238051-36A0-4C2A-AFA9-B5DDE8E17A15}.Release|iPhone.ActiveCfg = Release|Any CPU
		{6A238051-36A0-4C2A-AFA9-B5DDE8E17A15}.Release|iPhone.Build.0 = Release|Any CPU
		{6A238051-36A0-4C2A-AFA9-B5DDE8E17A15}.Release|iPhoneSimulator.ActiveCfg = Release|Any CPU
		{6A238051-36A0-4C2A-AFA9-B5DDE8E17A15}.Release|iPhoneSimulator.Build.0 = Release|Any CPU
		{2745A7ED-CAE5-445B-9171-66728EE75829}.Debug|Any CPU.ActiveCfg = Debug|Any CPU
		{2745A7ED-CAE5-445B-9171-66728EE75829}.Debug|Any CPU.Build.0 = Debug|Any CPU
		{2745A7ED-CAE5-445B-9171-66728EE75829}.Debug|iPhone.ActiveCfg = Debug|Any CPU
		{2745A7ED-CAE5-445B-9171-66728EE75829}.Debug|iPhone.Build.0 = Debug|Any CPU
		{2745A7ED-CAE5-445B-9171-66728EE75829}.Debug|iPhoneSimulator.ActiveCfg = Debug|Any CPU
		{2745A7ED-CAE5-445B-9171-66728EE75829}.Debug|iPhoneSimulator.Build.0 = Debug|Any CPU
		{2745A7ED-CAE5-445B-9171-66728EE75829}.Release|Any CPU.ActiveCfg = Release|Any CPU
		{2745A7ED-CAE5-445B-9171-66728EE75829}.Release|Any CPU.Build.0 = Release|Any CPU
		{2745A7ED-CAE5-445B-9171-66728EE75829}.Release|iPhone.ActiveCfg = Release|Any CPU
		{2745A7ED-CAE5-445B-9171-66728EE75829}.Release|iPhone.Build.0 = Release|Any CPU
		{2745A7ED-CAE5-445B-9171-66728EE75829}.Release|iPhoneSimulator.ActiveCfg = Release|Any CPU
		{2745A7ED-CAE5-445B-9171-66728EE75829}.Release|iPhoneSimulator.Build.0 = Release|Any CPU
		{E7B3FA2F-A2C7-471A-B0DF-E25771BEF504}.Debug|Any CPU.ActiveCfg = Debug|Any CPU
		{E7B3FA2F-A2C7-471A-B0DF-E25771BEF504}.Debug|Any CPU.Build.0 = Debug|Any CPU
		{E7B3FA2F-A2C7-471A-B0DF-E25771BEF504}.Debug|iPhone.ActiveCfg = Debug|Any CPU
		{E7B3FA2F-A2C7-471A-B0DF-E25771BEF504}.Debug|iPhone.Build.0 = Debug|Any CPU
		{E7B3FA2F-A2C7-471A-B0DF-E25771BEF504}.Debug|iPhoneSimulator.ActiveCfg = Debug|Any CPU
		{E7B3FA2F-A2C7-471A-B0DF-E25771BEF504}.Debug|iPhoneSimulator.Build.0 = Debug|Any CPU
		{E7B3FA2F-A2C7-471A-B0DF-E25771BEF504}.Release|Any CPU.ActiveCfg = Release|Any CPU
		{E7B3FA2F-A2C7-471A-B0DF-E25771BEF504}.Release|Any CPU.Build.0 = Release|Any CPU
		{E7B3FA2F-A2C7-471A-B0DF-E25771BEF504}.Release|iPhone.ActiveCfg = Release|Any CPU
		{E7B3FA2F-A2C7-471A-B0DF-E25771BEF504}.Release|iPhone.Build.0 = Release|Any CPU
		{E7B3FA2F-A2C7-471A-B0DF-E25771BEF504}.Release|iPhoneSimulator.ActiveCfg = Release|Any CPU
		{E7B3FA2F-A2C7-471A-B0DF-E25771BEF504}.Release|iPhoneSimulator.Build.0 = Release|Any CPU
		{D5BAEAD4-6414-45C6-B2A1-A024D2E0C7D9}.Debug|Any CPU.ActiveCfg = Debug|Any CPU
		{D5BAEAD4-6414-45C6-B2A1-A024D2E0C7D9}.Debug|Any CPU.Build.0 = Debug|Any CPU
		{D5BAEAD4-6414-45C6-B2A1-A024D2E0C7D9}.Debug|iPhone.ActiveCfg = Debug|Any CPU
		{D5BAEAD4-6414-45C6-B2A1-A024D2E0C7D9}.Debug|iPhone.Build.0 = Debug|Any CPU
		{D5BAEAD4-6414-45C6-B2A1-A024D2E0C7D9}.Debug|iPhoneSimulator.ActiveCfg = Debug|Any CPU
		{D5BAEAD4-6414-45C6-B2A1-A024D2E0C7D9}.Debug|iPhoneSimulator.Build.0 = Debug|Any CPU
		{D5BAEAD4-6414-45C6-B2A1-A024D2E0C7D9}.Release|Any CPU.ActiveCfg = Release|Any CPU
		{D5BAEAD4-6414-45C6-B2A1-A024D2E0C7D9}.Release|Any CPU.Build.0 = Release|Any CPU
		{D5BAEAD4-6414-45C6-B2A1-A024D2E0C7D9}.Release|iPhone.ActiveCfg = Release|Any CPU
		{D5BAEAD4-6414-45C6-B2A1-A024D2E0C7D9}.Release|iPhone.Build.0 = Release|Any CPU
		{D5BAEAD4-6414-45C6-B2A1-A024D2E0C7D9}.Release|iPhoneSimulator.ActiveCfg = Release|Any CPU
		{D5BAEAD4-6414-45C6-B2A1-A024D2E0C7D9}.Release|iPhoneSimulator.Build.0 = Release|Any CPU
		{B85F85ED-5F66-498A-8C2B-B4FEB301363B}.Debug|Any CPU.ActiveCfg = Debug|Any CPU
		{B85F85ED-5F66-498A-8C2B-B4FEB301363B}.Debug|Any CPU.Build.0 = Debug|Any CPU
		{B85F85ED-5F66-498A-8C2B-B4FEB301363B}.Debug|iPhone.ActiveCfg = Debug|Any CPU
		{B85F85ED-5F66-498A-8C2B-B4FEB301363B}.Debug|iPhone.Build.0 = Debug|Any CPU
		{B85F85ED-5F66-498A-8C2B-B4FEB301363B}.Debug|iPhoneSimulator.ActiveCfg = Debug|Any CPU
		{B85F85ED-5F66-498A-8C2B-B4FEB301363B}.Debug|iPhoneSimulator.Build.0 = Debug|Any CPU
		{B85F85ED-5F66-498A-8C2B-B4FEB301363B}.Release|Any CPU.ActiveCfg = Release|Any CPU
		{B85F85ED-5F66-498A-8C2B-B4FEB301363B}.Release|Any CPU.Build.0 = Release|Any CPU
		{B85F85ED-5F66-498A-8C2B-B4FEB301363B}.Release|iPhone.ActiveCfg = Release|Any CPU
		{B85F85ED-5F66-498A-8C2B-B4FEB301363B}.Release|iPhone.Build.0 = Release|Any CPU
		{B85F85ED-5F66-498A-8C2B-B4FEB301363B}.Release|iPhoneSimulator.ActiveCfg = Release|Any CPU
		{B85F85ED-5F66-498A-8C2B-B4FEB301363B}.Release|iPhoneSimulator.Build.0 = Release|Any CPU
		{79A92F86-ED34-4152-BF77-D9DB62A62E64}.Debug|Any CPU.ActiveCfg = Debug|Any CPU
		{79A92F86-ED34-4152-BF77-D9DB62A62E64}.Debug|Any CPU.Build.0 = Debug|Any CPU
		{79A92F86-ED34-4152-BF77-D9DB62A62E64}.Debug|iPhone.ActiveCfg = Debug|Any CPU
		{79A92F86-ED34-4152-BF77-D9DB62A62E64}.Debug|iPhone.Build.0 = Debug|Any CPU
		{79A92F86-ED34-4152-BF77-D9DB62A62E64}.Debug|iPhoneSimulator.ActiveCfg = Debug|Any CPU
		{79A92F86-ED34-4152-BF77-D9DB62A62E64}.Debug|iPhoneSimulator.Build.0 = Debug|Any CPU
		{79A92F86-ED34-4152-BF77-D9DB62A62E64}.Release|Any CPU.ActiveCfg = Release|Any CPU
		{79A92F86-ED34-4152-BF77-D9DB62A62E64}.Release|Any CPU.Build.0 = Release|Any CPU
		{79A92F86-ED34-4152-BF77-D9DB62A62E64}.Release|iPhone.ActiveCfg = Release|Any CPU
		{79A92F86-ED34-4152-BF77-D9DB62A62E64}.Release|iPhone.Build.0 = Release|Any CPU
		{79A92F86-ED34-4152-BF77-D9DB62A62E64}.Release|iPhoneSimulator.ActiveCfg = Release|Any CPU
		{79A92F86-ED34-4152-BF77-D9DB62A62E64}.Release|iPhoneSimulator.Build.0 = Release|Any CPU
		{6CD0C98A-9D90-471A-8D81-4568988346B1}.Debug|Any CPU.ActiveCfg = Debug|Any CPU
		{6CD0C98A-9D90-471A-8D81-4568988346B1}.Debug|Any CPU.Build.0 = Debug|Any CPU
		{6CD0C98A-9D90-471A-8D81-4568988346B1}.Debug|iPhone.ActiveCfg = Debug|Any CPU
		{6CD0C98A-9D90-471A-8D81-4568988346B1}.Debug|iPhone.Build.0 = Debug|Any CPU
		{6CD0C98A-9D90-471A-8D81-4568988346B1}.Debug|iPhoneSimulator.ActiveCfg = Debug|Any CPU
		{6CD0C98A-9D90-471A-8D81-4568988346B1}.Debug|iPhoneSimulator.Build.0 = Debug|Any CPU
		{6CD0C98A-9D90-471A-8D81-4568988346B1}.Release|Any CPU.ActiveCfg = Debug|Any CPU
		{6CD0C98A-9D90-471A-8D81-4568988346B1}.Release|Any CPU.Build.0 = Debug|Any CPU
		{6CD0C98A-9D90-471A-8D81-4568988346B1}.Release|iPhone.ActiveCfg = Debug|Any CPU
		{6CD0C98A-9D90-471A-8D81-4568988346B1}.Release|iPhone.Build.0 = Debug|Any CPU
		{6CD0C98A-9D90-471A-8D81-4568988346B1}.Release|iPhoneSimulator.ActiveCfg = Debug|Any CPU
		{6CD0C98A-9D90-471A-8D81-4568988346B1}.Release|iPhoneSimulator.Build.0 = Debug|Any CPU
		{93439370-EE81-466D-9035-363AF9338AD4}.Debug|Any CPU.ActiveCfg = Debug|Any CPU
		{93439370-EE81-466D-9035-363AF9338AD4}.Debug|Any CPU.Build.0 = Debug|Any CPU
		{93439370-EE81-466D-9035-363AF9338AD4}.Debug|Any CPU.Deploy.0 = Debug|Any CPU
		{93439370-EE81-466D-9035-363AF9338AD4}.Debug|iPhone.ActiveCfg = Debug|Any CPU
		{93439370-EE81-466D-9035-363AF9338AD4}.Debug|iPhone.Build.0 = Debug|Any CPU
		{93439370-EE81-466D-9035-363AF9338AD4}.Debug|iPhone.Deploy.0 = Debug|Any CPU
		{93439370-EE81-466D-9035-363AF9338AD4}.Debug|iPhoneSimulator.ActiveCfg = Debug|Any CPU
		{93439370-EE81-466D-9035-363AF9338AD4}.Debug|iPhoneSimulator.Build.0 = Debug|Any CPU
		{93439370-EE81-466D-9035-363AF9338AD4}.Debug|iPhoneSimulator.Deploy.0 = Debug|Any CPU
		{93439370-EE81-466D-9035-363AF9338AD4}.Release|Any CPU.ActiveCfg = Release|Any CPU
		{93439370-EE81-466D-9035-363AF9338AD4}.Release|Any CPU.Build.0 = Release|Any CPU
		{93439370-EE81-466D-9035-363AF9338AD4}.Release|Any CPU.Deploy.0 = Release|Any CPU
		{93439370-EE81-466D-9035-363AF9338AD4}.Release|iPhone.ActiveCfg = Release|Any CPU
		{93439370-EE81-466D-9035-363AF9338AD4}.Release|iPhone.Build.0 = Release|Any CPU
		{93439370-EE81-466D-9035-363AF9338AD4}.Release|iPhone.Deploy.0 = Release|Any CPU
		{93439370-EE81-466D-9035-363AF9338AD4}.Release|iPhoneSimulator.ActiveCfg = Release|Any CPU
		{93439370-EE81-466D-9035-363AF9338AD4}.Release|iPhoneSimulator.Build.0 = Release|Any CPU
		{93439370-EE81-466D-9035-363AF9338AD4}.Release|iPhoneSimulator.Deploy.0 = Release|Any CPU
		{08F26D24-A094-4642-A12E-9DAD97545E05}.Debug|Any CPU.ActiveCfg = Debug|iPhone
		{08F26D24-A094-4642-A12E-9DAD97545E05}.Debug|iPhone.ActiveCfg = Debug|iPhone
		{08F26D24-A094-4642-A12E-9DAD97545E05}.Debug|iPhone.Build.0 = Debug|iPhone
		{08F26D24-A094-4642-A12E-9DAD97545E05}.Debug|iPhoneSimulator.ActiveCfg = Debug|iPhoneSimulator
		{08F26D24-A094-4642-A12E-9DAD97545E05}.Debug|iPhoneSimulator.Build.0 = Debug|iPhoneSimulator
		{08F26D24-A094-4642-A12E-9DAD97545E05}.Release|Any CPU.ActiveCfg = Release|iPhone
		{08F26D24-A094-4642-A12E-9DAD97545E05}.Release|iPhone.ActiveCfg = Release|iPhone
		{08F26D24-A094-4642-A12E-9DAD97545E05}.Release|iPhone.Build.0 = Release|iPhone
		{08F26D24-A094-4642-A12E-9DAD97545E05}.Release|iPhoneSimulator.ActiveCfg = Release|iPhoneSimulator
		{08F26D24-A094-4642-A12E-9DAD97545E05}.Release|iPhoneSimulator.Build.0 = Release|iPhoneSimulator
		{CADF2E41-E0E3-4039-80B6-6CDA77BD0BCF}.Debug|Any CPU.ActiveCfg = Debug|Any CPU
		{CADF2E41-E0E3-4039-80B6-6CDA77BD0BCF}.Debug|Any CPU.Build.0 = Debug|Any CPU
		{CADF2E41-E0E3-4039-80B6-6CDA77BD0BCF}.Debug|iPhone.ActiveCfg = Debug|Any CPU
		{CADF2E41-E0E3-4039-80B6-6CDA77BD0BCF}.Debug|iPhone.Build.0 = Debug|Any CPU
		{CADF2E41-E0E3-4039-80B6-6CDA77BD0BCF}.Debug|iPhoneSimulator.ActiveCfg = Debug|Any CPU
		{CADF2E41-E0E3-4039-80B6-6CDA77BD0BCF}.Debug|iPhoneSimulator.Build.0 = Debug|Any CPU
		{CADF2E41-E0E3-4039-80B6-6CDA77BD0BCF}.Release|Any CPU.ActiveCfg = Release|Any CPU
		{CADF2E41-E0E3-4039-80B6-6CDA77BD0BCF}.Release|Any CPU.Build.0 = Release|Any CPU
		{CADF2E41-E0E3-4039-80B6-6CDA77BD0BCF}.Release|iPhone.ActiveCfg = Release|Any CPU
		{CADF2E41-E0E3-4039-80B6-6CDA77BD0BCF}.Release|iPhone.Build.0 = Release|Any CPU
		{CADF2E41-E0E3-4039-80B6-6CDA77BD0BCF}.Release|iPhoneSimulator.ActiveCfg = Release|Any CPU
		{CADF2E41-E0E3-4039-80B6-6CDA77BD0BCF}.Release|iPhoneSimulator.Build.0 = Release|Any CPU
		{62F947E8-4AED-4465-8218-846394341827}.Debug|Any CPU.ActiveCfg = Debug|Any CPU
		{62F947E8-4AED-4465-8218-846394341827}.Debug|Any CPU.Build.0 = Debug|Any CPU
		{62F947E8-4AED-4465-8218-846394341827}.Debug|Any CPU.Deploy.0 = Debug|Any CPU
		{62F947E8-4AED-4465-8218-846394341827}.Debug|iPhone.ActiveCfg = Debug|Any CPU
		{62F947E8-4AED-4465-8218-846394341827}.Debug|iPhone.Build.0 = Debug|Any CPU
		{62F947E8-4AED-4465-8218-846394341827}.Debug|iPhone.Deploy.0 = Debug|Any CPU
		{62F947E8-4AED-4465-8218-846394341827}.Debug|iPhoneSimulator.ActiveCfg = Debug|Any CPU
		{62F947E8-4AED-4465-8218-846394341827}.Debug|iPhoneSimulator.Build.0 = Debug|Any CPU
		{62F947E8-4AED-4465-8218-846394341827}.Debug|iPhoneSimulator.Deploy.0 = Debug|Any CPU
		{62F947E8-4AED-4465-8218-846394341827}.Release|Any CPU.ActiveCfg = Release|Any CPU
		{62F947E8-4AED-4465-8218-846394341827}.Release|Any CPU.Build.0 = Release|Any CPU
		{62F947E8-4AED-4465-8218-846394341827}.Release|Any CPU.Deploy.0 = Release|Any CPU
		{62F947E8-4AED-4465-8218-846394341827}.Release|iPhone.ActiveCfg = Release|Any CPU
		{62F947E8-4AED-4465-8218-846394341827}.Release|iPhone.Build.0 = Release|Any CPU
		{62F947E8-4AED-4465-8218-846394341827}.Release|iPhone.Deploy.0 = Release|Any CPU
		{62F947E8-4AED-4465-8218-846394341827}.Release|iPhoneSimulator.ActiveCfg = Release|Any CPU
		{62F947E8-4AED-4465-8218-846394341827}.Release|iPhoneSimulator.Build.0 = Release|Any CPU
		{62F947E8-4AED-4465-8218-846394341827}.Release|iPhoneSimulator.Deploy.0 = Release|Any CPU
		{4C0CD56D-3F26-449C-97A3-396EBA3C8774}.Debug|Any CPU.ActiveCfg = Debug|iPhone
		{4C0CD56D-3F26-449C-97A3-396EBA3C8774}.Debug|iPhone.ActiveCfg = Debug|iPhone
		{4C0CD56D-3F26-449C-97A3-396EBA3C8774}.Debug|iPhone.Build.0 = Debug|iPhone
		{4C0CD56D-3F26-449C-97A3-396EBA3C8774}.Debug|iPhoneSimulator.ActiveCfg = Debug|iPhoneSimulator
		{4C0CD56D-3F26-449C-97A3-396EBA3C8774}.Debug|iPhoneSimulator.Build.0 = Debug|iPhoneSimulator
		{4C0CD56D-3F26-449C-97A3-396EBA3C8774}.Release|Any CPU.ActiveCfg = Release|iPhone
		{4C0CD56D-3F26-449C-97A3-396EBA3C8774}.Release|iPhone.ActiveCfg = Release|iPhone
		{4C0CD56D-3F26-449C-97A3-396EBA3C8774}.Release|iPhone.Build.0 = Release|iPhone
		{4C0CD56D-3F26-449C-97A3-396EBA3C8774}.Release|iPhoneSimulator.ActiveCfg = Release|iPhoneSimulator
		{4C0CD56D-3F26-449C-97A3-396EBA3C8774}.Release|iPhoneSimulator.Build.0 = Release|iPhoneSimulator
		{72027A1D-6E1E-4C2B-B578-F989370B7A77}.Debug|Any CPU.ActiveCfg = Debug|Any CPU
		{72027A1D-6E1E-4C2B-B578-F989370B7A77}.Debug|Any CPU.Build.0 = Debug|Any CPU
		{72027A1D-6E1E-4C2B-B578-F989370B7A77}.Debug|iPhone.ActiveCfg = Debug|Any CPU
		{72027A1D-6E1E-4C2B-B578-F989370B7A77}.Debug|iPhone.Build.0 = Debug|Any CPU
		{72027A1D-6E1E-4C2B-B578-F989370B7A77}.Debug|iPhoneSimulator.ActiveCfg = Debug|Any CPU
		{72027A1D-6E1E-4C2B-B578-F989370B7A77}.Debug|iPhoneSimulator.Build.0 = Debug|Any CPU
		{72027A1D-6E1E-4C2B-B578-F989370B7A77}.Release|Any CPU.ActiveCfg = Release|Any CPU
		{72027A1D-6E1E-4C2B-B578-F989370B7A77}.Release|Any CPU.Build.0 = Release|Any CPU
		{72027A1D-6E1E-4C2B-B578-F989370B7A77}.Release|iPhone.ActiveCfg = Release|Any CPU
		{72027A1D-6E1E-4C2B-B578-F989370B7A77}.Release|iPhone.Build.0 = Release|Any CPU
		{72027A1D-6E1E-4C2B-B578-F989370B7A77}.Release|iPhoneSimulator.ActiveCfg = Release|Any CPU
		{72027A1D-6E1E-4C2B-B578-F989370B7A77}.Release|iPhoneSimulator.Build.0 = Release|Any CPU
		{14A2EC76-D1B6-4399-A60E-AB4D9E1C7A17}.Debug|Any CPU.ActiveCfg = Debug|Any CPU
		{14A2EC76-D1B6-4399-A60E-AB4D9E1C7A17}.Debug|Any CPU.Build.0 = Debug|Any CPU
		{14A2EC76-D1B6-4399-A60E-AB4D9E1C7A17}.Debug|Any CPU.Deploy.0 = Debug|Any CPU
		{14A2EC76-D1B6-4399-A60E-AB4D9E1C7A17}.Debug|iPhone.ActiveCfg = Debug|Any CPU
		{14A2EC76-D1B6-4399-A60E-AB4D9E1C7A17}.Debug|iPhone.Build.0 = Debug|Any CPU
		{14A2EC76-D1B6-4399-A60E-AB4D9E1C7A17}.Debug|iPhone.Deploy.0 = Debug|Any CPU
		{14A2EC76-D1B6-4399-A60E-AB4D9E1C7A17}.Debug|iPhoneSimulator.ActiveCfg = Debug|Any CPU
		{14A2EC76-D1B6-4399-A60E-AB4D9E1C7A17}.Debug|iPhoneSimulator.Build.0 = Debug|Any CPU
		{14A2EC76-D1B6-4399-A60E-AB4D9E1C7A17}.Debug|iPhoneSimulator.Deploy.0 = Debug|Any CPU
		{14A2EC76-D1B6-4399-A60E-AB4D9E1C7A17}.Release|Any CPU.ActiveCfg = Release|Any CPU
		{14A2EC76-D1B6-4399-A60E-AB4D9E1C7A17}.Release|Any CPU.Build.0 = Release|Any CPU
		{14A2EC76-D1B6-4399-A60E-AB4D9E1C7A17}.Release|Any CPU.Deploy.0 = Release|Any CPU
		{14A2EC76-D1B6-4399-A60E-AB4D9E1C7A17}.Release|iPhone.ActiveCfg = Release|Any CPU
		{14A2EC76-D1B6-4399-A60E-AB4D9E1C7A17}.Release|iPhone.Build.0 = Release|Any CPU
		{14A2EC76-D1B6-4399-A60E-AB4D9E1C7A17}.Release|iPhone.Deploy.0 = Release|Any CPU
		{14A2EC76-D1B6-4399-A60E-AB4D9E1C7A17}.Release|iPhoneSimulator.ActiveCfg = Release|Any CPU
		{14A2EC76-D1B6-4399-A60E-AB4D9E1C7A17}.Release|iPhoneSimulator.Build.0 = Release|Any CPU
		{14A2EC76-D1B6-4399-A60E-AB4D9E1C7A17}.Release|iPhoneSimulator.Deploy.0 = Release|Any CPU
		{7EDCA1D6-4015-4620-AABD-214390291D18}.Debug|Any CPU.ActiveCfg = Debug|iPhone
		{7EDCA1D6-4015-4620-AABD-214390291D18}.Debug|iPhone.ActiveCfg = Debug|iPhone
		{7EDCA1D6-4015-4620-AABD-214390291D18}.Debug|iPhone.Build.0 = Debug|iPhone
		{7EDCA1D6-4015-4620-AABD-214390291D18}.Debug|iPhoneSimulator.ActiveCfg = Debug|iPhoneSimulator
		{7EDCA1D6-4015-4620-AABD-214390291D18}.Debug|iPhoneSimulator.Build.0 = Debug|iPhoneSimulator
		{7EDCA1D6-4015-4620-AABD-214390291D18}.Release|Any CPU.ActiveCfg = Release|iPhone
		{7EDCA1D6-4015-4620-AABD-214390291D18}.Release|iPhone.ActiveCfg = Release|iPhone
		{7EDCA1D6-4015-4620-AABD-214390291D18}.Release|iPhone.Build.0 = Release|iPhone
		{7EDCA1D6-4015-4620-AABD-214390291D18}.Release|iPhoneSimulator.ActiveCfg = Release|iPhoneSimulator
		{7EDCA1D6-4015-4620-AABD-214390291D18}.Release|iPhoneSimulator.Build.0 = Release|iPhoneSimulator
		{B8ADE16C-B369-4DC9-9D4D-B35C712DF750}.Debug|Any CPU.ActiveCfg = Debug|Any CPU
		{B8ADE16C-B369-4DC9-9D4D-B35C712DF750}.Debug|Any CPU.Build.0 = Debug|Any CPU
		{B8ADE16C-B369-4DC9-9D4D-B35C712DF750}.Debug|iPhone.ActiveCfg = Debug|Any CPU
		{B8ADE16C-B369-4DC9-9D4D-B35C712DF750}.Debug|iPhone.Build.0 = Debug|Any CPU
		{B8ADE16C-B369-4DC9-9D4D-B35C712DF750}.Debug|iPhoneSimulator.ActiveCfg = Debug|Any CPU
		{B8ADE16C-B369-4DC9-9D4D-B35C712DF750}.Debug|iPhoneSimulator.Build.0 = Debug|Any CPU
		{B8ADE16C-B369-4DC9-9D4D-B35C712DF750}.Release|Any CPU.ActiveCfg = Release|Any CPU
		{B8ADE16C-B369-4DC9-9D4D-B35C712DF750}.Release|Any CPU.Build.0 = Release|Any CPU
		{B8ADE16C-B369-4DC9-9D4D-B35C712DF750}.Release|iPhone.ActiveCfg = Release|Any CPU
		{B8ADE16C-B369-4DC9-9D4D-B35C712DF750}.Release|iPhone.Build.0 = Release|Any CPU
		{B8ADE16C-B369-4DC9-9D4D-B35C712DF750}.Release|iPhoneSimulator.ActiveCfg = Release|Any CPU
		{B8ADE16C-B369-4DC9-9D4D-B35C712DF750}.Release|iPhoneSimulator.Build.0 = Release|Any CPU
	EndGlobalSection
	GlobalSection(SolutionProperties) = preSolution
		HideSolutionNode = FALSE
	EndGlobalSection
	GlobalSection(ExtensibilityGlobals) = postSolution
		SolutionGuid = {ED09EA92-014C-4EC3-95CE-2BA41A3EDF75}
	EndGlobalSection
EndGlobal
