
Microsoft Visual Studio Solution File, Format Version 12.00
# Visual Studio 15
VisualStudioVersion = 15.0.27004.2002
MinimumVisualStudioVersion = 10.0.40219.1
Project("{FAE04EC0-301F-11D3-BF4B-00C04F79EFBC}") = "WebSocketServer", "WebSocketServer\WebSocketServer.csproj", "{3062002B-1D6A-44A4-976A-877FAA48C26B}"
EndProject
Project("{FAE04EC0-301F-11D3-BF4B-00C04F79EFBC}") = "WebSocketClientDesktop", "WebSocketClient\WebSocketClientDesktop.csproj", "{2A143282-7824-4BDC-94BA-7BB62C9D46EF}"
EndProject
Project("{FAE04EC0-301F-11D3-BF4B-00C04F79EFBC}") = "WebSocketClientConsole", "WebSocketClientConsole\WebSocketClientConsole.csproj", "{15920438-CAB9-4DA4-89D0-DA2870ED1103}"
EndProject
Project("{FAE04EC0-301F-11D3-BF4B-00C04F79EFBC}") = "HTTPServer", "HTTPServer\HTTPServer.csproj", "{D0FB1740-0198-440B-BB12-C91DCC46D3A9}"
EndProject
Project("{E24C65DC-7377-472B-9ABA-BC803B73C61A}") = "WebSocketClientWeb", "WebSocketClientWeb\", "{6455B641-F629-4FDD-A51F-8E8F7A757DE9}"
	ProjectSection(WebsiteProperties) = preProject
		TargetFrameworkMoniker = ".NETFramework,Version%3Dv4.0"
		Debug.AspNetCompiler.VirtualPath = "/localhost_50317"
		Debug.AspNetCompiler.PhysicalPath = "WebSocketClientWeb\"
		Debug.AspNetCompiler.TargetPath = "PrecompiledWeb\localhost_50317\"
		Debug.AspNetCompiler.Updateable = "true"
		Debug.AspNetCompiler.ForceOverwrite = "true"
		Debug.AspNetCompiler.FixedNames = "false"
		Debug.AspNetCompiler.Debug = "True"
		Release.AspNetCompiler.VirtualPath = "/localhost_50317"
		Release.AspNetCompiler.PhysicalPath = "WebSocketClientWeb\"
		Release.AspNetCompiler.TargetPath = "PrecompiledWeb\localhost_50317\"
		Release.AspNetCompiler.Updateable = "true"
		Release.AspNetCompiler.ForceOverwrite = "true"
		Release.AspNetCompiler.FixedNames = "false"
		Release.AspNetCompiler.Debug = "False"
		VWDPort = "50317"
		SlnRelativePath = "WebSocketClientWeb\"
	EndProjectSection
EndProject
Project("{FAE04EC0-301F-11D3-BF4B-00C04F79EFBC}") = "TCPClientConsoleMulti", "TCPClientConsoleMulti\TCPClientConsoleMulti.csproj", "{2B32FFB8-3384-440A-9916-60A178B5FF16}"
EndProject
Project("{FAE04EC0-301F-11D3-BF4B-00C04F79EFBC}") = "TCPClientConsoleOne", "TCPClientConsoleOne\TCPClientConsoleOne.csproj", "{27046836-2418-49D9-86BD-20E115B884B5}"
EndProject
Project("{FAE04EC0-301F-11D3-BF4B-00C04F79EFBC}") = "TCPClientDesktop", "TCPClientDesktop\TCPClientDesktop.csproj", "{6A238051-36A0-4C2A-AFA9-B5DDE8E17A15}"
EndProject
Project("{FAE04EC0-301F-11D3-BF4B-00C04F79EFBC}") = "TCPServerMulti", "TCPServerMulti\TCPServerMulti.csproj", "{2745A7ED-CAE5-445B-9171-66728EE75829}"
EndProject
Project("{FAE04EC0-301F-11D3-BF4B-00C04F79EFBC}") = "TCPServerOne", "TCPServerOne\TCPServerOne.csproj", "{E7B3FA2F-A2C7-471A-B0DF-E25771BEF504}"
EndProject
Project("{FAE04EC0-301F-11D3-BF4B-00C04F79EFBC}") = "UnitTestProjectChats", "UnitTestProjectChats\UnitTestProjectChats.csproj", "{D5BAEAD4-6414-45C6-B2A1-A024D2E0C7D9}"
EndProject
Project("{FAE04EC0-301F-11D3-BF4B-00C04F79EFBC}") = "HTTPClientDesktop", "HTTPClientDesktop\HTTPClientDesktop.csproj", "{B85F85ED-5F66-498A-8C2B-B4FEB301363B}"
EndProject
Project("{FAE04EC0-301F-11D3-BF4B-00C04F79EFBC}") = "HTTPClientConsole", "HTTPClientConsole\HTTPClientConsole.csproj", "{79A92F86-ED34-4152-BF77-D9DB62A62E64}"
EndProject
Project("{E24C65DC-7377-472B-9ABA-BC803B73C61A}") = "HTTPClientWeb", "HTTPClientWeb\", "{6CD0C98A-9D90-471A-8D81-4568988346B1}"
	ProjectSection(WebsiteProperties) = preProject
		TargetFrameworkMoniker = ".NETFramework,Version%3Dv4.0"
		Debug.AspNetCompiler.VirtualPath = "/localhost_51710"
		Debug.AspNetCompiler.PhysicalPath = "HTTPClientWeb\"
		Debug.AspNetCompiler.TargetPath = "PrecompiledWeb\localhost_51710\"
		Debug.AspNetCompiler.Updateable = "true"
		Debug.AspNetCompiler.ForceOverwrite = "true"
		Debug.AspNetCompiler.FixedNames = "false"
		Debug.AspNetCompiler.Debug = "True"
		Release.AspNetCompiler.VirtualPath = "/localhost_51710"
		Release.AspNetCompiler.PhysicalPath = "HTTPClientWeb\"
		Release.AspNetCompiler.TargetPath = "PrecompiledWeb\localhost_51710\"
		Release.AspNetCompiler.Updateable = "true"
		Release.AspNetCompiler.ForceOverwrite = "true"
		Release.AspNetCompiler.FixedNames = "false"
		Release.AspNetCompiler.Debug = "False"
		VWDPort = "51710"
		SlnRelativePath = "HTTPClientWeb\"
	EndProjectSection
EndProject
Global
	GlobalSection(SolutionConfigurationPlatforms) = preSolution
		Debug|Any CPU = Debug|Any CPU
		Release|Any CPU = Release|Any CPU
	EndGlobalSection
	GlobalSection(ProjectConfigurationPlatforms) = postSolution
		{3062002B-1D6A-44A4-976A-877FAA48C26B}.Debug|Any CPU.ActiveCfg = Debug|Any CPU
		{3062002B-1D6A-44A4-976A-877FAA48C26B}.Debug|Any CPU.Build.0 = Debug|Any CPU
		{3062002B-1D6A-44A4-976A-877FAA48C26B}.Release|Any CPU.ActiveCfg = Release|Any CPU
		{3062002B-1D6A-44A4-976A-877FAA48C26B}.Release|Any CPU.Build.0 = Release|Any CPU
		{2A143282-7824-4BDC-94BA-7BB62C9D46EF}.Debug|Any CPU.ActiveCfg = Debug|Any CPU
		{2A143282-7824-4BDC-94BA-7BB62C9D46EF}.Debug|Any CPU.Build.0 = Debug|Any CPU
		{2A143282-7824-4BDC-94BA-7BB62C9D46EF}.Release|Any CPU.ActiveCfg = Release|Any CPU
		{2A143282-7824-4BDC-94BA-7BB62C9D46EF}.Release|Any CPU.Build.0 = Release|Any CPU
		{15920438-CAB9-4DA4-89D0-DA2870ED1103}.Debug|Any CPU.ActiveCfg = Debug|Any CPU
		{15920438-CAB9-4DA4-89D0-DA2870ED1103}.Debug|Any CPU.Build.0 = Debug|Any CPU
		{15920438-CAB9-4DA4-89D0-DA2870ED1103}.Release|Any CPU.ActiveCfg = Release|Any CPU
		{15920438-CAB9-4DA4-89D0-DA2870ED1103}.Release|Any CPU.Build.0 = Release|Any CPU
		{D0FB1740-0198-440B-BB12-C91DCC46D3A9}.Debug|Any CPU.ActiveCfg = Debug|Any CPU
		{D0FB1740-0198-440B-BB12-C91DCC46D3A9}.Debug|Any CPU.Build.0 = Debug|Any CPU
		{D0FB1740-0198-440B-BB12-C91DCC46D3A9}.Release|Any CPU.ActiveCfg = Release|Any CPU
		{D0FB1740-0198-440B-BB12-C91DCC46D3A9}.Release|Any CPU.Build.0 = Release|Any CPU
		{6455B641-F629-4FDD-A51F-8E8F7A757DE9}.Debug|Any CPU.ActiveCfg = Debug|Any CPU
		{6455B641-F629-4FDD-A51F-8E8F7A757DE9}.Debug|Any CPU.Build.0 = Debug|Any CPU
		{6455B641-F629-4FDD-A51F-8E8F7A757DE9}.Release|Any CPU.ActiveCfg = Debug|Any CPU
		{6455B641-F629-4FDD-A51F-8E8F7A757DE9}.Release|Any CPU.Build.0 = Debug|Any CPU
		{2B32FFB8-3384-440A-9916-60A178B5FF16}.Debug|Any CPU.ActiveCfg = Debug|Any CPU
		{2B32FFB8-3384-440A-9916-60A178B5FF16}.Debug|Any CPU.Build.0 = Debug|Any CPU
		{2B32FFB8-3384-440A-9916-60A178B5FF16}.Release|Any CPU.ActiveCfg = Release|Any CPU
		{2B32FFB8-3384-440A-9916-60A178B5FF16}.Release|Any CPU.Build.0 = Release|Any CPU
		{27046836-2418-49D9-86BD-20E115B884B5}.Debug|Any CPU.ActiveCfg = Debug|Any CPU
		{27046836-2418-49D9-86BD-20E115B884B5}.Debug|Any CPU.Build.0 = Debug|Any CPU
		{27046836-2418-49D9-86BD-20E115B884B5}.Release|Any CPU.ActiveCfg = Release|Any CPU
		{27046836-2418-49D9-86BD-20E115B884B5}.Release|Any CPU.Build.0 = Release|Any CPU
		{6A238051-36A0-4C2A-AFA9-B5DDE8E17A15}.Debug|Any CPU.ActiveCfg = Debug|Any CPU
		{6A238051-36A0-4C2A-AFA9-B5DDE8E17A15}.Debug|Any CPU.Build.0 = Debug|Any CPU
		{6A238051-36A0-4C2A-AFA9-B5DDE8E17A15}.Release|Any CPU.ActiveCfg = Release|Any CPU
		{6A238051-36A0-4C2A-AFA9-B5DDE8E17A15}.Release|Any CPU.Build.0 = Release|Any CPU
		{2745A7ED-CAE5-445B-9171-66728EE75829}.Debug|Any CPU.ActiveCfg = Debug|Any CPU
		{2745A7ED-CAE5-445B-9171-66728EE75829}.Debug|Any CPU.Build.0 = Debug|Any CPU
		{2745A7ED-CAE5-445B-9171-66728EE75829}.Release|Any CPU.ActiveCfg = Release|Any CPU
		{2745A7ED-CAE5-445B-9171-66728EE75829}.Release|Any CPU.Build.0 = Release|Any CPU
		{E7B3FA2F-A2C7-471A-B0DF-E25771BEF504}.Debug|Any CPU.ActiveCfg = Debug|Any CPU
		{E7B3FA2F-A2C7-471A-B0DF-E25771BEF504}.Debug|Any CPU.Build.0 = Debug|Any CPU
		{E7B3FA2F-A2C7-471A-B0DF-E25771BEF504}.Release|Any CPU.ActiveCfg = Release|Any CPU
		{E7B3FA2F-A2C7-471A-B0DF-E25771BEF504}.Release|Any CPU.Build.0 = Release|Any CPU
		{D5BAEAD4-6414-45C6-B2A1-A024D2E0C7D9}.Debug|Any CPU.ActiveCfg = Debug|Any CPU
		{D5BAEAD4-6414-45C6-B2A1-A024D2E0C7D9}.Debug|Any CPU.Build.0 = Debug|Any CPU
		{D5BAEAD4-6414-45C6-B2A1-A024D2E0C7D9}.Release|Any CPU.ActiveCfg = Release|Any CPU
		{D5BAEAD4-6414-45C6-B2A1-A024D2E0C7D9}.Release|Any CPU.Build.0 = Release|Any CPU
		{B85F85ED-5F66-498A-8C2B-B4FEB301363B}.Debug|Any CPU.ActiveCfg = Debug|Any CPU
		{B85F85ED-5F66-498A-8C2B-B4FEB301363B}.Debug|Any CPU.Build.0 = Debug|Any CPU
		{B85F85ED-5F66-498A-8C2B-B4FEB301363B}.Release|Any CPU.ActiveCfg = Release|Any CPU
		{B85F85ED-5F66-498A-8C2B-B4FEB301363B}.Release|Any CPU.Build.0 = Release|Any CPU
		{79A92F86-ED34-4152-BF77-D9DB62A62E64}.Debug|Any CPU.ActiveCfg = Debug|Any CPU
		{79A92F86-ED34-4152-BF77-D9DB62A62E64}.Debug|Any CPU.Build.0 = Debug|Any CPU
		{79A92F86-ED34-4152-BF77-D9DB62A62E64}.Release|Any CPU.ActiveCfg = Release|Any CPU
		{79A92F86-ED34-4152-BF77-D9DB62A62E64}.Release|Any CPU.Build.0 = Release|Any CPU
		{6CD0C98A-9D90-471A-8D81-4568988346B1}.Debug|Any CPU.ActiveCfg = Debug|Any CPU
		{6CD0C98A-9D90-471A-8D81-4568988346B1}.Debug|Any CPU.Build.0 = Debug|Any CPU
		{6CD0C98A-9D90-471A-8D81-4568988346B1}.Release|Any CPU.ActiveCfg = Debug|Any CPU
		{6CD0C98A-9D90-471A-8D81-4568988346B1}.Release|Any CPU.Build.0 = Debug|Any CPU
	EndGlobalSection
	GlobalSection(SolutionProperties) = preSolution
		HideSolutionNode = FALSE
	EndGlobalSection
	GlobalSection(ExtensibilityGlobals) = postSolution
		SolutionGuid = {ED09EA92-014C-4EC3-95CE-2BA41A3EDF75}
	EndGlobalSection
EndGlobal
